// !$*UTF8*$!
{
	archiveVersion = 1;
	classes = {
	};
	objectVersion = 50;
	objects = {

/* Begin PBXBuildFile section */
		7F4A4C4C2099107A00C6B293 /* AppDelegate.swift in Sources */ = {isa = PBXBuildFile; fileRef = 7F4A4C4B2099107A00C6B293 /* AppDelegate.swift */; };
		7F4A4C4E2099107A00C6B293 /* ViewController.swift in Sources */ = {isa = PBXBuildFile; fileRef = 7F4A4C4D2099107A00C6B293 /* ViewController.swift */; };
		7F4A4C512099107A00C6B293 /* Main.storyboard in Resources */ = {isa = PBXBuildFile; fileRef = 7F4A4C4F2099107A00C6B293 /* Main.storyboard */; };
		7F4A4C532099107C00C6B293 /* Assets.xcassets in Resources */ = {isa = PBXBuildFile; fileRef = 7F4A4C522099107C00C6B293 /* Assets.xcassets */; };
		7F4A4C562099107C00C6B293 /* LaunchScreen.storyboard in Resources */ = {isa = PBXBuildFile; fileRef = 7F4A4C542099107C00C6B293 /* LaunchScreen.storyboard */; };
		AD10B39F9AC716594690F46A /* Pods_1st_proj.framework in Frameworks */ = {isa = PBXBuildFile; fileRef = B189211A49158F16A885C809 /* Pods_1st_proj.framework */; };
/* End PBXBuildFile section */

/* Begin PBXFileReference section */
		38434C68CDB67342D28DFB75 /* Pods-1st proj.release.xcconfig */ = {isa = PBXFileReference; includeInIndex = 1; lastKnownFileType = text.xcconfig; name = "Pods-1st proj.release.xcconfig"; path = "Pods/Target Support Files/Pods-1st proj/Pods-1st proj.release.xcconfig"; sourceTree = "<group>"; };
		7F4A4C482099107A00C6B293 /* 1st proj.app */ = {isa = PBXFileReference; explicitFileType = wrapper.application; includeInIndex = 0; path = "1st proj.app"; sourceTree = BUILT_PRODUCTS_DIR; };
		7F4A4C4B2099107A00C6B293 /* AppDelegate.swift */ = {isa = PBXFileReference; lastKnownFileType = sourcecode.swift; path = AppDelegate.swift; sourceTree = "<group>"; };
		7F4A4C4D2099107A00C6B293 /* ViewController.swift */ = {isa = PBXFileReference; lastKnownFileType = sourcecode.swift; path = ViewController.swift; sourceTree = "<group>"; };
		7F4A4C502099107A00C6B293 /* Base */ = {isa = PBXFileReference; lastKnownFileType = file.storyboard; name = Base; path = Base.lproj/Main.storyboard; sourceTree = "<group>"; };
		7F4A4C522099107C00C6B293 /* Assets.xcassets */ = {isa = PBXFileReference; lastKnownFileType = folder.assetcatalog; path = Assets.xcassets; sourceTree = "<group>"; };
		7F4A4C552099107C00C6B293 /* Base */ = {isa = PBXFileReference; lastKnownFileType = file.storyboard; name = Base; path = Base.lproj/LaunchScreen.storyboard; sourceTree = "<group>"; };
		7F4A4C572099107C00C6B293 /* Info.plist */ = {isa = PBXFileReference; lastKnownFileType = text.plist.xml; path = Info.plist; sourceTree = "<group>"; };
		84206B4FBDE959F88D81C0E2 /* Pods-1st proj.debug.xcconfig */ = {isa = PBXFileReference; includeInIndex = 1; lastKnownFileType = text.xcconfig; name = "Pods-1st proj.debug.xcconfig"; path = "Pods/Target Support Files/Pods-1st proj/Pods-1st proj.debug.xcconfig"; sourceTree = "<group>"; };
		B189211A49158F16A885C809 /* Pods_1st_proj.framework */ = {isa = PBXFileReference; explicitFileType = wrapper.framework; includeInIndex = 0; path = Pods_1st_proj.framework; sourceTree = BUILT_PRODUCTS_DIR; };
/* End PBXFileReference section */

/* Begin PBXFrameworksBuildPhase section */
		7F4A4C452099107A00C6B293 /* Frameworks */ = {
			isa = PBXFrameworksBuildPhase;
			buildActionMask = 2147483647;
			files = (
				AD10B39F9AC716594690F46A /* Pods_1st_proj.framework in Frameworks */,
			);
			runOnlyForDeploymentPostprocessing = 0;
		};
/* End PBXFrameworksBuildPhase section */

/* Begin PBXGroup section */
		1F5838B76ED409F71686A2A6 /* Pods */ = {
			isa = PBXGroup;
			children = (
				84206B4FBDE959F88D81C0E2 /* Pods-1st proj.debug.xcconfig */,
				38434C68CDB67342D28DFB75 /* Pods-1st proj.release.xcconfig */,
			);
			name = Pods;
			sourceTree = "<group>";
		};
		36F67AC7D2E23E4832D314D1 /* Frameworks */ = {
			isa = PBXGroup;
			children = (
				B189211A49158F16A885C809 /* Pods_1st_proj.framework */,
			);
			name = Frameworks;
			sourceTree = "<group>";
		};
		7F4A4C3F2099107A00C6B293 = {
			isa = PBXGroup;
			children = (
				7F4A4C4A2099107A00C6B293 /* 1st proj */,
				7F4A4C492099107A00C6B293 /* Products */,
				1F5838B76ED409F71686A2A6 /* Pods */,
				36F67AC7D2E23E4832D314D1 /* Frameworks */,
			);
			sourceTree = "<group>";
		};
		7F4A4C492099107A00C6B293 /* Products */ = {
			isa = PBXGroup;
			children = (
				7F4A4C482099107A00C6B293 /* 1st proj.app */,
			);
			name = Products;
			sourceTree = "<group>";
		};
		7F4A4C4A2099107A00C6B293 /* 1st proj */ = {
			isa = PBXGroup;
			children = (
				7F4A4C4B2099107A00C6B293 /* AppDelegate.swift */,
				7F4A4C4D2099107A00C6B293 /* ViewController.swift */,
				7F4A4C4F2099107A00C6B293 /* Main.storyboard */,
				7F4A4C522099107C00C6B293 /* Assets.xcassets */,
				7F4A4C542099107C00C6B293 /* LaunchScreen.storyboard */,
				7F4A4C572099107C00C6B293 /* Info.plist */,
			);
			path = "1st proj";
			sourceTree = "<group>";
		};
/* End PBXGroup section */

/* Begin PBXNativeTarget section */
		7F4A4C472099107A00C6B293 /* 1st proj */ = {
			isa = PBXNativeTarget;
			buildConfigurationList = 7F4A4C5A2099107C00C6B293 /* Build configuration list for PBXNativeTarget "1st proj" */;
			buildPhases = (
				EE9D122B5CCC93CFE7F73DBD /* [CP] Check Pods Manifest.lock */,
				7F4A4C442099107A00C6B293 /* Sources */,
				7F4A4C452099107A00C6B293 /* Frameworks */,
				7F4A4C462099107A00C6B293 /* Resources */,
				3022DDCB9325062640F7BCCF /* [CP] Embed Pods Frameworks */,
			);
			buildRules = (
			);
			dependencies = (
			);
			name = "1st proj";
			productName = "1st proj";
			productReference = 7F4A4C482099107A00C6B293 /* 1st proj.app */;
			productType = "com.apple.product-type.application";
		};
/* End PBXNativeTarget section */

/* Begin PBXProject section */
		7F4A4C402099107A00C6B293 /* Project object */ = {
			isa = PBXProject;
			attributes = {
				LastSwiftUpdateCheck = 0930;
				LastUpgradeCheck = 0930;
				ORGANIZATIONNAME = fynjyass;
				TargetAttributes = {
					7F4A4C472099107A00C6B293 = {
						CreatedOnToolsVersion = 9.3;
					};
				};
			};
			buildConfigurationList = 7F4A4C432099107A00C6B293 /* Build configuration list for PBXProject "1st proj" */;
			compatibilityVersion = "Xcode 9.3";
			developmentRegion = en;
			hasScannedForEncodings = 0;
			knownRegions = (
				en,
				Base,
			);
			mainGroup = 7F4A4C3F2099107A00C6B293;
			productRefGroup = 7F4A4C492099107A00C6B293 /* Products */;
			projectDirPath = "";
			projectRoot = "";
			targets = (
				7F4A4C472099107A00C6B293 /* 1st proj */,
			);
		};
/* End PBXProject section */

/* Begin PBXResourcesBuildPhase section */
		7F4A4C462099107A00C6B293 /* Resources */ = {
			isa = PBXResourcesBuildPhase;
			buildActionMask = 2147483647;
			files = (
				7F4A4C562099107C00C6B293 /* LaunchScreen.storyboard in Resources */,
				7F4A4C532099107C00C6B293 /* Assets.xcassets in Resources */,
				7F4A4C512099107A00C6B293 /* Main.storyboard in Resources */,
			);
			runOnlyForDeploymentPostprocessing = 0;
		};
/* End PBXResourcesBuildPhase section */

/* Begin PBXShellScriptBuildPhase section */
		3022DDCB9325062640F7BCCF /* [CP] Embed Pods Frameworks */ = {
			isa = PBXShellScriptBuildPhase;
			buildActionMask = 2147483647;
			files = (
			);
			inputPaths = (
				"${SRCROOT}/Pods/Target Support Files/Pods-1st proj/Pods-1st proj-frameworks.sh",
				"${BUILT_PRODUCTS_DIR}/RxSwift/RxSwift.framework",
			);
			name = "[CP] Embed Pods Frameworks";
			outputPaths = (
				"${TARGET_BUILD_DIR}/${FRAMEWORKS_FOLDER_PATH}/RxSwift.framework",
			);
			runOnlyForDeploymentPostprocessing = 0;
			shellPath = /bin/sh;
			shellScript = "\"${SRCROOT}/Pods/Target Support Files/Pods-1st proj/Pods-1st proj-frameworks.sh\"\n";
			showEnvVarsInLog = 0;
		};
		EE9D122B5CCC93CFE7F73DBD /* [CP] Check Pods Manifest.lock */ = {
			isa = PBXShellScriptBuildPhase;
			buildActionMask = 2147483647;
			files = (
			);
			inputPaths = (
				"${PODS_PODFILE_DIR_PATH}/Podfile.lock",
				"${PODS_ROOT}/Manifest.lock",
			);
			name = "[CP] Check Pods Manifest.lock";
			outputPaths = (
				"$(DERIVED_FILE_DIR)/Pods-1st proj-checkManifestLockResult.txt",
			);
			runOnlyForDeploymentPostprocessing = 0;
			shellPath = /bin/sh;
			shellScript = "diff \"${PODS_PODFILE_DIR_PATH}/Podfile.lock\" \"${PODS_ROOT}/Manifest.lock\" > /dev/null\nif [ $? != 0 ] ; then\n    # print error to STDERR\n    echo \"error: The sandbox is not in sync with the Podfile.lock. Run 'pod install' or update your CocoaPods installation.\" >&2\n    exit 1\nfi\n# This output is used by Xcode 'outputs' to avoid re-running this script phase.\necho \"SUCCESS\" > \"${SCRIPT_OUTPUT_FILE_0}\"\n";
			showEnvVarsInLog = 0;
		};
/* End PBXShellScriptBuildPhase section */

/* Begin PBXSourcesBuildPhase section */
		7F4A4C442099107A00C6B293 /* Sources */ = {
			isa = PBXSourcesBuildPhase;
			buildActionMask = 2147483647;
			files = (
				7F4A4C4E2099107A00C6B293 /* ViewController.swift in Sources */,
				7F4A4C4C2099107A00C6B293 /* AppDelegate.swift in Sources */,
			);
			runOnlyForDeploymentPostprocessing = 0;
		};
/* End PBXSourcesBuildPhase section */

/* Begin PBXVariantGroup section */
		7F4A4C4F2099107A00C6B293 /* Main.storyboard */ = {
			isa = PBXVariantGroup;
			children = (
				7F4A4C502099107A00C6B293 /* Base */,
			);
			name = Main.storyboard;
			sourceTree = "<group>";
		};
		7F4A4C542099107C00C6B293 /* LaunchScreen.storyboard */ = {
			isa = PBXVariantGroup;
			children = (
				7F4A4C552099107C00C6B293 /* Base */,
			);
			name = LaunchScreen.storyboard;
			sourceTree = "<group>";
		};
/* End PBXVariantGroup section */

/* Begin XCBuildConfiguration section */
		7F4A4C582099107C00C6B293 /* Debug */ = {
			isa = XCBuildConfiguration;
			buildSettings = {
				ALWAYS_SEARCH_USER_PATHS = NO;
				CLANG_ANALYZER_NONNULL = YES;
				CLANG_ANALYZER_NUMBER_OBJECT_CONVERSION = YES_AGGRESSIVE;
				CLANG_CXX_LANGUAGE_STANDARD = "gnu++14";
				CLANG_CXX_LIBRARY = "libc++";
				CLANG_ENABLE_MODULES = YES;
				CLANG_ENABLE_OBJC_ARC = YES;
				CLANG_ENABLE_OBJC_WEAK = YES;
				CLANG_WARN_BLOCK_CAPTURE_AUTORELEASING = YES;
				CLANG_WARN_BOOL_CONVERSION = YES;
				CLANG_WARN_COMMA = YES;
				CLANG_WARN_CONSTANT_CONVERSION = YES;
				CLANG_WARN_DEPRECATED_OBJC_IMPLEMENTATIONS = YES;
				CLANG_WARN_DIRECT_OBJC_ISA_USAGE = YES_ERROR;
				CLANG_WARN_DOCUMENTATION_COMMENTS = YES;
				CLANG_WARN_EMPTY_BODY = YES;
				CLANG_WARN_ENUM_CONVERSION = YES;
				CLANG_WARN_INFINITE_RECURSION = YES;
				CLANG_WARN_INT_CONVERSION = YES;
				CLANG_WARN_NON_LITERAL_NULL_CONVERSION = YES;
				CLANG_WARN_OBJC_IMPLICIT_RETAIN_SELF = YES;
				CLANG_WARN_OBJC_LITERAL_CONVERSION = YES;
				CLANG_WARN_OBJC_ROOT_CLASS = YES_ERROR;
				CLANG_WARN_RANGE_LOOP_ANALYSIS = YES;
				CLANG_WARN_STRICT_PROTOTYPES = YES;
				CLANG_WARN_SUSPICIOUS_MOVE = YES;
				CLANG_WARN_UNGUARDED_AVAILABILITY = YES_AGGRESSIVE;
				CLANG_WARN_UNREACHABLE_CODE = YES;
				CLANG_WARN__DUPLICATE_METHOD_MATCH = YES;
				CODE_SIGN_IDENTITY = "iPhone Developer";
				COPY_PHASE_STRIP = NO;
				DEBUG_INFORMATION_FORMAT = dwarf;
				ENABLE_STRICT_OBJC_MSGSEND = YES;
				ENABLE_TESTABILITY = YES;
				GCC_C_LANGUAGE_STANDARD = gnu11;
				GCC_DYNAMIC_NO_PIC = NO;
				GCC_NO_COMMON_BLOCKS = YES;
				GCC_OPTIMIZATION_LEVEL = 0;
				GCC_PREPROCESSOR_DEFINITIONS = (
					"DEBUG=1",
					"$(inherited)",
				);
				GCC_WARN_64_TO_32_BIT_CONVERSION = YES;
				GCC_WARN_ABOUT_RETURN_TYPE = YES_ERROR;
				GCC_WARN_UNDECLARED_SELECTOR = YES;
				GCC_WARN_UNINITIALIZED_AUTOS = YES_AGGRESSIVE;
				GCC_WARN_UNUSED_FUNCTION = YES;
				GCC_WARN_UNUSED_VARIABLE = YES;
				IPHONEOS_DEPLOYMENT_TARGET = 11.3;
				MTL_ENABLE_DEBUG_INFO = YES;
				ONLY_ACTIVE_ARCH = YES;
				SDKROOT = iphoneos;
				SWIFT_ACTIVE_COMPILATION_CONDITIONS = DEBUG;
				SWIFT_OPTIMIZATION_LEVEL = "-Onone";
			};
			name = Debug;
		};
		7F4A4C592099107C00C6B293 /* Release */ = {
			isa = XCBuildConfiguration;
			buildSettings = {
				ALWAYS_SEARCH_USER_PATHS = NO;
				CLANG_ANALYZER_NONNULL = YES;
				CLANG_ANALYZER_NUMBER_OBJECT_CONVERSION = YES_AGGRESSIVE;
				CLANG_CXX_LANGUAGE_STANDARD = "gnu++14";
				CLANG_CXX_LIBRARY = "libc++";
				CLANG_ENABLE_MODULES = YES;
				CLANG_ENABLE_OBJC_ARC = YES;
				CLANG_ENABLE_OBJC_WEAK = YES;
				CLANG_WARN_BLOCK_CAPTURE_AUTORELEASING = YES;
				CLANG_WARN_BOOL_CONVERSION = YES;
				CLANG_WARN_COMMA = YES;
				CLANG_WARN_CONSTANT_CONVERSION = YES;
				CLANG_WARN_DEPRECATED_OBJC_IMPLEMENTATIONS = YES;
				CLANG_WARN_DIRECT_OBJC_ISA_USAGE = YES_ERROR;
				CLANG_WARN_DOCUMENTATION_COMMENTS = YES;
				CLANG_WARN_EMPTY_BODY = YES;
				CLANG_WARN_ENUM_CONVERSION = YES;
				CLANG_WARN_INFINITE_RECURSION = YES;
				CLANG_WARN_INT_CONVERSION = YES;
				CLANG_WARN_NON_LITERAL_NULL_CONVERSION = YES;
				CLANG_WARN_OBJC_IMPLICIT_RETAIN_SELF = YES;
				CLANG_WARN_OBJC_LITERAL_CONVERSION = YES;
				CLANG_WARN_OBJC_ROOT_CLASS = YES_ERROR;
				CLANG_WARN_RANGE_LOOP_ANALYSIS = YES;
				CLANG_WARN_STRICT_PROTOTYPES = YES;
				CLANG_WARN_SUSPICIOUS_MOVE = YES;
				CLANG_WARN_UNGUARDED_AVAILABILITY = YES_AGGRESSIVE;
				CLANG_WARN_UNREACHABLE_CODE = YES;
				CLANG_WARN__DUPLICATE_METHOD_MATCH = YES;
				CODE_SIGN_IDENTITY = "iPhone Developer";
				COPY_PHASE_STRIP = NO;
				DEBUG_INFORMATION_FORMAT = "dwarf-with-dsym";
				ENABLE_NS_ASSERTIONS = NO;
				ENABLE_STRICT_OBJC_MSGSEND = YES;
				GCC_C_LANGUAGE_STANDARD = gnu11;
				GCC_NO_COMMON_BLOCKS = YES;
				GCC_WARN_64_TO_32_BIT_CONVERSION = YES;
				GCC_WARN_ABOUT_RETURN_TYPE = YES_ERROR;
				GCC_WARN_UNDECLARED_SELECTOR = YES;
				GCC_WARN_UNINITIALIZED_AUTOS = YES_AGGRESSIVE;
				GCC_WARN_UNUSED_FUNCTION = YES;
				GCC_WARN_UNUSED_VARIABLE = YES;
				IPHONEOS_DEPLOYMENT_TARGET = 11.3;
				MTL_ENABLE_DEBUG_INFO = NO;
				SDKROOT = iphoneos;
				SWIFT_COMPILATION_MODE = wholemodule;
				SWIFT_OPTIMIZATION_LEVEL = "-O";
				VALIDATE_PRODUCT = YES;
			};
			name = Release;
		};
		7F4A4C5B2099107C00C6B293 /* Debug */ = {
			isa = XCBuildConfiguration;
			baseConfigurationReference = 84206B4FBDE959F88D81C0E2 /* Pods-1st proj.debug.xcconfig */;
			buildSettings = {
				ASSETCATALOG_COMPILER_APPICON_NAME = AppIcon;
				CODE_SIGN_STYLE = Manual;
				DEVELOPMENT_TEAM = "";
				INFOPLIST_FILE = "1st proj/Info.plist";
				LD_RUNPATH_SEARCH_PATHS = "$(inherited) @executable_path/Frameworks";
				PRODUCT_BUNDLE_IDENTIFIER = "com.fynjyass.-st-proj";
				PRODUCT_NAME = "$(TARGET_NAME)";
				PROVISIONING_PROFILE_SPECIFIER = "";
				SWIFT_VERSION = 4.0;
				TARGETED_DEVICE_FAMILY = "1,2";
			};
			name = Debug;
		};
		7F4A4C5C2099107C00C6B293 /* Release */ = {
			isa = XCBuildConfiguration;
			baseConfigurationReference = 38434C68CDB67342D28DFB75 /* Pods-1st proj.release.xcconfig */;
			buildSettings = {
				ASSETCATALOG_COMPILER_APPICON_NAME = AppIcon;
				CODE_SIGN_STYLE = Manual;
				DEVELOPMENT_TEAM = "";
				INFOPLIST_FILE = "1st proj/Info.plist";
				LD_RUNPATH_SEARCH_PATHS = "$(inherited) @executable_path/Frameworks";
				PRODUCT_BUNDLE_IDENTIFIER = "com.fynjyass.-st-proj";
				PRODUCT_NAME = "$(TARGET_NAME)";
				PROVISIONING_PROFILE_SPECIFIER = "";
				SWIFT_VERSION = 4.0;
				TARGETED_DEVICE_FAMILY = "1,2";
			};
			name = Release;
		};
/* End XCBuildConfiguration section */

/* Begin XCConfigurationList section */
		7F4A4C432099107A00C6B293 /* Build configuration list for PBXProject "1st proj" */ = {
			isa = XCConfigurationList;
			buildConfigurations = (
				7F4A4C582099107C00C6B293 /* Debug */,
				7F4A4C592099107C00C6B293 /* Release */,
			);
			defaultConfigurationIsVisible = 0;
			defaultConfigurationName = Release;
		};
		7F4A4C5A2099107C00C6B293 /* Build configuration list for PBXNativeTarget "1st proj" */ = {
			isa = XCConfigurationList;
			buildConfigurations = (
				7F4A4C5B2099107C00C6B293 /* Debug */,
				7F4A4C5C2099107C00C6B293 /* Release */,
			);
			defaultConfigurationIsVisible = 0;
			defaultConfigurationName = Release;
		};
/* End XCConfigurationList section */
	};
	rootObject = 7F4A4C402099107A00C6B293 /* Project object */;
}
